
Microsoft Visual Studio Solution File, Format Version 12.00
# Visual Studio Version 16
VisualStudioVersion = 16.0.28803.156
MinimumVisualStudioVersion = 10.0.40219.1
Project("{FAE04EC0-301F-11D3-BF4B-00C04F79EFBC}") = "Pulsaciones", "Pulsaciones\Pulsaciones.csproj", "{2C545A35-2FF3-4C40-8B31-A1E798CEC9DD}"
EndProject
Project("{FAE04EC0-301F-11D3-BF4B-00C04F79EFBC}") = "BLL", "BLL\BLL.csproj", "{8219A1F3-6E6C-4D79-9172-2AEE6C57D516}"
EndProject
Project("{FAE04EC0-301F-11D3-BF4B-00C04F79EFBC}") = "DAL", "DAL\DAL.csproj", "{3758F183-BF7D-4533-A748-05741DFAD606}"
EndProject
Project("{FAE04EC0-301F-11D3-BF4B-00C04F79EFBC}") = "Entity", "Entity\Entity.csproj", "{994BED19-2672-414D-B7B6-1B16B0FA6C37}"
EndProject
Project("{FAE04EC0-301F-11D3-BF4B-00C04F79EFBC}") = "PulsacionesGUI", "PulsacionesGUI\PulsacionesGUI.csproj", "{5507F84D-98B4-4A10-83E3-0830C125C22B}"
EndProject
Global
	GlobalSection(SolutionConfigurationPlatforms) = preSolution
		Debug|Any CPU = Debug|Any CPU
		Release|Any CPU = Release|Any CPU
	EndGlobalSection
	GlobalSection(ProjectConfigurationPlatforms) = postSolution
		{2C545A35-2FF3-4C40-8B31-A1E798CEC9DD}.Debug|Any CPU.ActiveCfg = Debug|Any CPU
		{2C545A35-2FF3-4C40-8B31-A1E798CEC9DD}.Debug|Any CPU.Build.0 = Debug|Any CPU
		{2C545A35-2FF3-4C40-8B31-A1E798CEC9DD}.Release|Any CPU.ActiveCfg = Release|Any CPU
		{2C545A35-2FF3-4C40-8B31-A1E798CEC9DD}.Release|Any CPU.Build.0 = Release|Any CPU
		{8219A1F3-6E6C-4D79-9172-2AEE6C57D516}.Debug|Any CPU.ActiveCfg = Debug|Any CPU
		{8219A1F3-6E6C-4D79-9172-2AEE6C57D516}.Debug|Any CPU.Build.0 = Debug|Any CPU
		{8219A1F3-6E6C-4D79-9172-2AEE6C57D516}.Release|Any CPU.ActiveCfg = Release|Any CPU
		{8219A1F3-6E6C-4D79-9172-2AEE6C57D516}.Release|Any CPU.Build.0 = Release|Any CPU
		{3758F183-BF7D-4533-A748-05741DFAD606}.Debug|Any CPU.ActiveCfg = Debug|Any CPU
		{3758F183-BF7D-4533-A748-05741DFAD606}.Debug|Any CPU.Build.0 = Debug|Any CPU
		{3758F183-BF7D-4533-A748-05741DFAD606}.Release|Any CPU.ActiveCfg = Release|Any CPU
		{3758F183-BF7D-4533-A748-05741DFAD606}.Release|Any CPU.Build.0 = Release|Any CPU
		{994BED19-2672-414D-B7B6-1B16B0FA6C37}.Debug|Any CPU.ActiveCfg = Debug|Any CPU
		{994BED19-2672-414D-B7B6-1B16B0FA6C37}.Debug|Any CPU.Build.0 = Debug|Any CPU
		{994BED19-2672-414D-B7B6-1B16B0FA6C37}.Release|Any CPU.ActiveCfg = Release|Any CPU
		{994BED19-2672-414D-B7B6-1B16B0FA6C37}.Release|Any CPU.Build.0 = Release|Any CPU
		{5507F84D-98B4-4A10-83E3-0830C125C22B}.Debug|Any CPU.ActiveCfg = Debug|Any CPU
		{5507F84D-98B4-4A10-83E3-0830C125C22B}.Debug|Any CPU.Build.0 = Debug|Any CPU
		{5507F84D-98B4-4A10-83E3-0830C125C22B}.Release|Any CPU.ActiveCfg = Release|Any CPU
		{5507F84D-98B4-4A10-83E3-0830C125C22B}.Release|Any CPU.Build.0 = Release|Any CPU
	EndGlobalSection
	GlobalSection(SolutionProperties) = preSolution
		HideSolutionNode = FALSE
	EndGlobalSection
	GlobalSection(ExtensibilityGlobals) = postSolution
		SolutionGuid = {B2454726-6596-445F-BFE4-AA1B387DCECC}
	EndGlobalSection
EndGlobal
